
Microsoft Visual Studio Solution File, Format Version 12.00
# Visual Studio Version 17
VisualStudioVersion = 17.2.32616.157
MinimumVisualStudioVersion = 10.0.40219.1
Project("{FAE04EC0-301F-11D3-BF4B-00C04F79EFBC}") = "Server", "Server\Server.csproj", "{73345F40-9BE3-4141-B4D3-43CA810B947B}"
EndProject
Global
	GlobalSection(SolutionConfigurationPlatforms) = preSolution
		Debug|Any CPU = Debug|Any CPU
		Release|Any CPU = Release|Any CPU
	EndGlobalSection
	GlobalSection(ProjectConfigurationPlatforms) = postSolution
		{73345F40-9BE3-4141-B4D3-43CA810B947B}.Debug|Any CPU.ActiveCfg = Debug|Any CPU
		{73345F40-9BE3-4141-B4D3-43CA810B947B}.Debug|Any CPU.Build.0 = Debug|Any CPU
		{73345F40-9BE3-4141-B4D3-43CA810B947B}.Release|Any CPU.ActiveCfg = Release|Any CPU
		{73345F40-9BE3-4141-B4D3-43CA810B947B}.Release|Any CPU.Build.0 = Release|Any CPU
	EndGlobalSection
	GlobalSection(SolutionProperties) = preSolution
		HideSolutionNode = FALSE
	EndGlobalSection
	GlobalSection(ExtensibilityGlobals) = postSolution
		SolutionGuid = {5C03F008-4F73-48B2-8E20-54481C021903}
	EndGlobalSection
EndGlobal
